
Microsoft Visual Studio Solution File, Format Version 12.00
# Visual Studio Version 16
VisualStudioVersion = 16.0.809.8
MinimumVisualStudioVersion = 10.0.40219.1
Project("{FAE04EC0-301F-11D3-BF4B-00C04F79EFBC}") = "geckserver", "geckserver.csproj", "{9BED23AC-E89B-475A-BD0B-2606A961874E}"
EndProject
Global
	GlobalSection(SolutionConfigurationPlatforms) = preSolution
		Debug|Any CPU = Debug|Any CPU
		Release|Any CPU = Release|Any CPU
	EndGlobalSection
	GlobalSection(ProjectConfigurationPlatforms) = postSolution
		{9BED23AC-E89B-475A-BD0B-2606A961874E}.Debug|Any CPU.ActiveCfg = Debug|Any CPU
		{9BED23AC-E89B-475A-BD0B-2606A961874E}.Debug|Any CPU.Build.0 = Debug|Any CPU
		{9BED23AC-E89B-475A-BD0B-2606A961874E}.Release|Any CPU.ActiveCfg = Release|Any CPU
		{9BED23AC-E89B-475A-BD0B-2606A961874E}.Release|Any CPU.Build.0 = Release|Any CPU
	EndGlobalSection
	GlobalSection(SolutionProperties) = preSolution
		HideSolutionNode = FALSE
	EndGlobalSection
	GlobalSection(ExtensibilityGlobals) = postSolution
		SolutionGuid = {D26BF82D-5650-478D-B9C5-ED198806FCDE}
	EndGlobalSection
EndGlobal
